// !$*UTF8*$!
{
	archiveVersion = 1;
	classes = {
	};
	objectVersion = 51;
	objects = {

/* Begin PBXBuildFile section */
		320CFA80258A34C000F309C6 /* UserList.storyboard in Resources */ = {isa = PBXBuildFile; fileRef = 320CFA7F258A34C000F309C6 /* UserList.storyboard */; };
		320CFA82258A36EB00F309C6 /* UserListViewController.swift in Sources */ = {isa = PBXBuildFile; fileRef = 320CFA81258A36EB00F309C6 /* UserListViewController.swift */; };
		320CFA842590ECBB00F309C6 /* ChatRoom.swift in Sources */ = {isa = PBXBuildFile; fileRef = 320CFA832590ECBB00F309C6 /* ChatRoom.swift */; };
		320CFA862591B2DC00F309C6 /* Message.swift in Sources */ = {isa = PBXBuildFile; fileRef = 320CFA852591B2DC00F309C6 /* Message.swift */; };
		322C7DAF2578C34A00E86C38 /* AppDelegate.swift in Sources */ = {isa = PBXBuildFile; fileRef = 322C7DAE2578C34A00E86C38 /* AppDelegate.swift */; };
		322C7DB12578C34A00E86C38 /* SceneDelegate.swift in Sources */ = {isa = PBXBuildFile; fileRef = 322C7DB02578C34A00E86C38 /* SceneDelegate.swift */; };
		322C7DB82578C34C00E86C38 /* Assets.xcassets in Resources */ = {isa = PBXBuildFile; fileRef = 322C7DB72578C34C00E86C38 /* Assets.xcassets */; };
		322C7DBB2578C34C00E86C38 /* LaunchScreen.storyboard in Resources */ = {isa = PBXBuildFile; fileRef = 322C7DB92578C34C00E86C38 /* LaunchScreen.storyboard */; };
		322C7DC62578C34C00E86C38 /* ChatAppWithFirebaseTests.swift in Sources */ = {isa = PBXBuildFile; fileRef = 322C7DC52578C34C00E86C38 /* ChatAppWithFirebaseTests.swift */; };
		322C7DD12578C34C00E86C38 /* ChatAppWithFirebaseUITests.swift in Sources */ = {isa = PBXBuildFile; fileRef = 322C7DD02578C34C00E86C38 /* ChatAppWithFirebaseUITests.swift */; };
		322C7DDF2578C40500E86C38 /* ChatList.storyboard in Resources */ = {isa = PBXBuildFile; fileRef = 322C7DDE2578C40500E86C38 /* ChatList.storyboard */; };
		322C7DE12578C4FD00E86C38 /* ChatListViewController.swift in Sources */ = {isa = PBXBuildFile; fileRef = 322C7DE02578C4FD00E86C38 /* ChatListViewController.swift */; };
		322C7DE52579232800E86C38 /* UIColor-Extension.swift in Sources */ = {isa = PBXBuildFile; fileRef = 322C7DE42579232800E86C38 /* UIColor-Extension.swift */; };
		322C7DE725792B3300E86C38 /* ChatRoom.storyboard in Resources */ = {isa = PBXBuildFile; fileRef = 322C7DE625792B3300E86C38 /* ChatRoom.storyboard */; };
		322C7DE925792C0800E86C38 /* ChatRoomViewController.swift in Sources */ = {isa = PBXBuildFile; fileRef = 322C7DE825792C0800E86C38 /* ChatRoomViewController.swift */; };
		322C7DEB257C436100E86C38 /* ChatRoomTableViewCell.xib in Resources */ = {isa = PBXBuildFile; fileRef = 322C7DEA257C436100E86C38 /* ChatRoomTableViewCell.xib */; };
		322C7DEF257DB4B500E86C38 /* ChatRoomTableViewCell.swift in Sources */ = {isa = PBXBuildFile; fileRef = 322C7DEE257DB4B500E86C38 /* ChatRoomTableViewCell.swift */; };
		322C7DF4257E18E200E86C38 /* ChatInputAccessoryView.xib in Resources */ = {isa = PBXBuildFile; fileRef = 322C7DF3257E18E200E86C38 /* ChatInputAccessoryView.xib */; };
		322C7DF6257E1A7B00E86C38 /* ChatInputAccessoryView.swift in Sources */ = {isa = PBXBuildFile; fileRef = 322C7DF5257E1A7B00E86C38 /* ChatInputAccessoryView.swift */; };
		322C7DF8258303A800E86C38 /* GoogleService-Info.plist in Resources */ = {isa = PBXBuildFile; fileRef = 322C7DF7258303A800E86C38 /* GoogleService-Info.plist */; };
		325CEB4E2584440C00567765 /* SignUp.storyboard in Resources */ = {isa = PBXBuildFile; fileRef = 325CEB4D2584440C00567765 /* SignUp.storyboard */; };
		325CEB502585206C00567765 /* SignUpViewController.swift in Sources */ = {isa = PBXBuildFile; fileRef = 325CEB4F2585206C00567765 /* SignUpViewController.swift */; };
		325CEB532588F18200567765 /* User.swift in Sources */ = {isa = PBXBuildFile; fileRef = 325CEB522588F18200567765 /* User.swift */; };
		32BFE63D2593854C00519D78 /* LoginViewController.swift in Sources */ = {isa = PBXBuildFile; fileRef = 32BFE63C2593854C00519D78 /* LoginViewController.swift */; };
		32CEC0F92593828B00798796 /* Login.storyboard in Resources */ = {isa = PBXBuildFile; fileRef = 32CEC0F82593828B00798796 /* Login.storyboard */; };
		D4BD1E3969B8BCC425607C40 /* Pods_ChatAppWithFirebaseTests.framework in Frameworks */ = {isa = PBXBuildFile; fileRef = 90562E7B496422A4CB536686 /* Pods_ChatAppWithFirebaseTests.framework */; };
		DF02740F57D1149ABCE52BA3 /* Pods_ChatAppWithFirebase_ChatAppWithFirebaseUITests.framework in Frameworks */ = {isa = PBXBuildFile; fileRef = 1DB5220CC07D1AC11E1F2763 /* Pods_ChatAppWithFirebase_ChatAppWithFirebaseUITests.framework */; };
		EF3F22DB2ACBE6D254645CE9 /* Pods_ChatAppWithFirebase.framework in Frameworks */ = {isa = PBXBuildFile; fileRef = FECD02268D60C18AB6C6C60E /* Pods_ChatAppWithFirebase.framework */; };
/* End PBXBuildFile section */

/* Begin PBXContainerItemProxy section */
		322C7DC22578C34C00E86C38 /* PBXContainerItemProxy */ = {
			isa = PBXContainerItemProxy;
			containerPortal = 322C7DA32578C34A00E86C38 /* Project object */;
			proxyType = 1;
			remoteGlobalIDString = 322C7DAA2578C34A00E86C38;
			remoteInfo = ChatAppWithFirebase;
		};
		322C7DCD2578C34C00E86C38 /* PBXContainerItemProxy */ = {
			isa = PBXContainerItemProxy;
			containerPortal = 322C7DA32578C34A00E86C38 /* Project object */;
			proxyType = 1;
			remoteGlobalIDString = 322C7DAA2578C34A00E86C38;
			remoteInfo = ChatAppWithFirebase;
		};
/* End PBXContainerItemProxy section */

/* Begin PBXFileReference section */
		1B107D0EBCCC94B9B642838B /* Pods-ChatAppWithFirebaseTests.release.xcconfig */ = {isa = PBXFileReference; includeInIndex = 1; lastKnownFileType = text.xcconfig; name = "Pods-ChatAppWithFirebaseTests.release.xcconfig"; path = "Target Support Files/Pods-ChatAppWithFirebaseTests/Pods-ChatAppWithFirebaseTests.release.xcconfig"; sourceTree = "<group>"; };
		1DB5220CC07D1AC11E1F2763 /* Pods_ChatAppWithFirebase_ChatAppWithFirebaseUITests.framework */ = {isa = PBXFileReference; explicitFileType = wrapper.framework; includeInIndex = 0; path = Pods_ChatAppWithFirebase_ChatAppWithFirebaseUITests.framework; sourceTree = BUILT_PRODUCTS_DIR; };
		2AED2CFEB1FADB7921285BDD /* Pods-ChatAppWithFirebase.debug.xcconfig */ = {isa = PBXFileReference; includeInIndex = 1; lastKnownFileType = text.xcconfig; name = "Pods-ChatAppWithFirebase.debug.xcconfig"; path = "Target Support Files/Pods-ChatAppWithFirebase/Pods-ChatAppWithFirebase.debug.xcconfig"; sourceTree = "<group>"; };
		320CFA7F258A34C000F309C6 /* UserList.storyboard */ = {isa = PBXFileReference; lastKnownFileType = file.storyboard; path = UserList.storyboard; sourceTree = "<group>"; };
		320CFA81258A36EB00F309C6 /* UserListViewController.swift */ = {isa = PBXFileReference; lastKnownFileType = sourcecode.swift; path = UserListViewController.swift; sourceTree = "<group>"; };
		320CFA832590ECBB00F309C6 /* ChatRoom.swift */ = {isa = PBXFileReference; lastKnownFileType = sourcecode.swift; path = ChatRoom.swift; sourceTree = "<group>"; };
		320CFA852591B2DC00F309C6 /* Message.swift */ = {isa = PBXFileReference; lastKnownFileType = sourcecode.swift; path = Message.swift; sourceTree = "<group>"; };
		322C7DAB2578C34A00E86C38 /* ChatAppWithFirebase.app */ = {isa = PBXFileReference; explicitFileType = wrapper.application; includeInIndex = 0; path = ChatAppWithFirebase.app; sourceTree = BUILT_PRODUCTS_DIR; };
		322C7DAE2578C34A00E86C38 /* AppDelegate.swift */ = {isa = PBXFileReference; lastKnownFileType = sourcecode.swift; path = AppDelegate.swift; sourceTree = "<group>"; };
		322C7DB02578C34A00E86C38 /* SceneDelegate.swift */ = {isa = PBXFileReference; lastKnownFileType = sourcecode.swift; path = SceneDelegate.swift; sourceTree = "<group>"; };
		322C7DB72578C34C00E86C38 /* Assets.xcassets */ = {isa = PBXFileReference; lastKnownFileType = folder.assetcatalog; path = Assets.xcassets; sourceTree = "<group>"; };
		322C7DBA2578C34C00E86C38 /* Base */ = {isa = PBXFileReference; lastKnownFileType = file.storyboard; name = Base; path = Base.lproj/LaunchScreen.storyboard; sourceTree = "<group>"; };
		322C7DBC2578C34C00E86C38 /* Info.plist */ = {isa = PBXFileReference; lastKnownFileType = text.plist.xml; path = Info.plist; sourceTree = "<group>"; };
		322C7DC12578C34C00E86C38 /* ChatAppWithFirebaseTests.xctest */ = {isa = PBXFileReference; explicitFileType = wrapper.cfbundle; includeInIndex = 0; path = ChatAppWithFirebaseTests.xctest; sourceTree = BUILT_PRODUCTS_DIR; };
		322C7DC52578C34C00E86C38 /* ChatAppWithFirebaseTests.swift */ = {isa = PBXFileReference; lastKnownFileType = sourcecode.swift; path = ChatAppWithFirebaseTests.swift; sourceTree = "<group>"; };
		322C7DC72578C34C00E86C38 /* Info.plist */ = {isa = PBXFileReference; lastKnownFileType = text.plist.xml; path = Info.plist; sourceTree = "<group>"; };
		322C7DCC2578C34C00E86C38 /* ChatAppWithFirebaseUITests.xctest */ = {isa = PBXFileReference; explicitFileType = wrapper.cfbundle; includeInIndex = 0; path = ChatAppWithFirebaseUITests.xctest; sourceTree = BUILT_PRODUCTS_DIR; };
		322C7DD02578C34C00E86C38 /* ChatAppWithFirebaseUITests.swift */ = {isa = PBXFileReference; lastKnownFileType = sourcecode.swift; path = ChatAppWithFirebaseUITests.swift; sourceTree = "<group>"; };
		322C7DD22578C34C00E86C38 /* Info.plist */ = {isa = PBXFileReference; lastKnownFileType = text.plist.xml; path = Info.plist; sourceTree = "<group>"; };
		322C7DDE2578C40500E86C38 /* ChatList.storyboard */ = {isa = PBXFileReference; lastKnownFileType = file.storyboard; path = ChatList.storyboard; sourceTree = "<group>"; };
		322C7DE02578C4FD00E86C38 /* ChatListViewController.swift */ = {isa = PBXFileReference; lastKnownFileType = sourcecode.swift; path = ChatListViewController.swift; sourceTree = "<group>"; };
		322C7DE42579232800E86C38 /* UIColor-Extension.swift */ = {isa = PBXFileReference; lastKnownFileType = sourcecode.swift; path = "UIColor-Extension.swift"; sourceTree = "<group>"; };
		322C7DE625792B3300E86C38 /* ChatRoom.storyboard */ = {isa = PBXFileReference; lastKnownFileType = file.storyboard; path = ChatRoom.storyboard; sourceTree = "<group>"; };
		322C7DE825792C0800E86C38 /* ChatRoomViewController.swift */ = {isa = PBXFileReference; lastKnownFileType = sourcecode.swift; path = ChatRoomViewController.swift; sourceTree = "<group>"; };
		322C7DEA257C436100E86C38 /* ChatRoomTableViewCell.xib */ = {isa = PBXFileReference; lastKnownFileType = file.xib; path = ChatRoomTableViewCell.xib; sourceTree = "<group>"; };
		322C7DEE257DB4B500E86C38 /* ChatRoomTableViewCell.swift */ = {isa = PBXFileReference; lastKnownFileType = sourcecode.swift; path = ChatRoomTableViewCell.swift; sourceTree = "<group>"; };
		322C7DF3257E18E200E86C38 /* ChatInputAccessoryView.xib */ = {isa = PBXFileReference; lastKnownFileType = file.xib; path = ChatInputAccessoryView.xib; sourceTree = "<group>"; };
		322C7DF5257E1A7B00E86C38 /* ChatInputAccessoryView.swift */ = {isa = PBXFileReference; lastKnownFileType = sourcecode.swift; path = ChatInputAccessoryView.swift; sourceTree = "<group>"; };
		322C7DF7258303A800E86C38 /* GoogleService-Info.plist */ = {isa = PBXFileReference; fileEncoding = 4; lastKnownFileType = text.plist.xml; path = "GoogleService-Info.plist"; sourceTree = "<group>"; };
		325CEB4D2584440C00567765 /* SignUp.storyboard */ = {isa = PBXFileReference; lastKnownFileType = file.storyboard; path = SignUp.storyboard; sourceTree = "<group>"; };
		325CEB4F2585206C00567765 /* SignUpViewController.swift */ = {isa = PBXFileReference; lastKnownFileType = sourcecode.swift; path = SignUpViewController.swift; sourceTree = "<group>"; };
		325CEB522588F18200567765 /* User.swift */ = {isa = PBXFileReference; lastKnownFileType = sourcecode.swift; path = User.swift; sourceTree = "<group>"; };
		32BFE63C2593854C00519D78 /* LoginViewController.swift */ = {isa = PBXFileReference; lastKnownFileType = sourcecode.swift; path = LoginViewController.swift; sourceTree = "<group>"; };
		32CEC0F82593828B00798796 /* Login.storyboard */ = {isa = PBXFileReference; lastKnownFileType = file.storyboard; path = Login.storyboard; sourceTree = "<group>"; };
		4EF35D04217AF3BC0B4E8B5E /* Pods-ChatAppWithFirebase.release.xcconfig */ = {isa = PBXFileReference; includeInIndex = 1; lastKnownFileType = text.xcconfig; name = "Pods-ChatAppWithFirebase.release.xcconfig"; path = "Target Support Files/Pods-ChatAppWithFirebase/Pods-ChatAppWithFirebase.release.xcconfig"; sourceTree = "<group>"; };
		61B84DD23FC36B7972068FDD /* Pods-ChatAppWithFirebase-ChatAppWithFirebaseUITests.debug.xcconfig */ = {isa = PBXFileReference; includeInIndex = 1; lastKnownFileType = text.xcconfig; name = "Pods-ChatAppWithFirebase-ChatAppWithFirebaseUITests.debug.xcconfig"; path = "Target Support Files/Pods-ChatAppWithFirebase-ChatAppWithFirebaseUITests/Pods-ChatAppWithFirebase-ChatAppWithFirebaseUITests.debug.xcconfig"; sourceTree = "<group>"; };
		90562E7B496422A4CB536686 /* Pods_ChatAppWithFirebaseTests.framework */ = {isa = PBXFileReference; explicitFileType = wrapper.framework; includeInIndex = 0; path = Pods_ChatAppWithFirebaseTests.framework; sourceTree = BUILT_PRODUCTS_DIR; };
		EE4D325ACA26E3D2FFF11D87 /* Pods-ChatAppWithFirebaseTests.debug.xcconfig */ = {isa = PBXFileReference; includeInIndex = 1; lastKnownFileType = text.xcconfig; name = "Pods-ChatAppWithFirebaseTests.debug.xcconfig"; path = "Target Support Files/Pods-ChatAppWithFirebaseTests/Pods-ChatAppWithFirebaseTests.debug.xcconfig"; sourceTree = "<group>"; };
		FC95ECCD5BE4143DD223496C /* Pods-ChatAppWithFirebase-ChatAppWithFirebaseUITests.release.xcconfig */ = {isa = PBXFileReference; includeInIndex = 1; lastKnownFileType = text.xcconfig; name = "Pods-ChatAppWithFirebase-ChatAppWithFirebaseUITests.release.xcconfig"; path = "Target Support Files/Pods-ChatAppWithFirebase-ChatAppWithFirebaseUITests/Pods-ChatAppWithFirebase-ChatAppWithFirebaseUITests.release.xcconfig"; sourceTree = "<group>"; };
		FECD02268D60C18AB6C6C60E /* Pods_ChatAppWithFirebase.framework */ = {isa = PBXFileReference; explicitFileType = wrapper.framework; includeInIndex = 0; path = Pods_ChatAppWithFirebase.framework; sourceTree = BUILT_PRODUCTS_DIR; };
/* End PBXFileReference section */

/* Begin PBXFrameworksBuildPhase section */
		322C7DA82578C34A00E86C38 /* Frameworks */ = {
			isa = PBXFrameworksBuildPhase;
			buildActionMask = 2147483647;
			files = (
				EF3F22DB2ACBE6D254645CE9 /* Pods_ChatAppWithFirebase.framework in Frameworks */,
			);
			runOnlyForDeploymentPostprocessing = 0;
		};
		322C7DBE2578C34C00E86C38 /* Frameworks */ = {
			isa = PBXFrameworksBuildPhase;
			buildActionMask = 2147483647;
			files = (
				D4BD1E3969B8BCC425607C40 /* Pods_ChatAppWithFirebaseTests.framework in Frameworks */,
			);
			runOnlyForDeploymentPostprocessing = 0;
		};
		322C7DC92578C34C00E86C38 /* Frameworks */ = {
			isa = PBXFrameworksBuildPhase;
			buildActionMask = 2147483647;
			files = (
				DF02740F57D1149ABCE52BA3 /* Pods_ChatAppWithFirebase_ChatAppWithFirebaseUITests.framework in Frameworks */,
			);
			runOnlyForDeploymentPostprocessing = 0;
		};
/* End PBXFrameworksBuildPhase section */

/* Begin PBXGroup section */
		322C7DA22578C34A00E86C38 = {
			isa = PBXGroup;
			children = (
				322C7DAD2578C34A00E86C38 /* ChatAppWithFirebase */,
				322C7DC42578C34C00E86C38 /* ChatAppWithFirebaseTests */,
				322C7DCF2578C34C00E86C38 /* ChatAppWithFirebaseUITests */,
				322C7DAC2578C34A00E86C38 /* Products */,
				322C7DF7258303A800E86C38 /* GoogleService-Info.plist */,
				B9AF5A4EA6B7332C69D3B4C4 /* Pods */,
				4B64D0E236F29FB4A9CAC3CB /* Frameworks */,
			);
			sourceTree = "<group>";
		};
		322C7DAC2578C34A00E86C38 /* Products */ = {
			isa = PBXGroup;
			children = (
				322C7DAB2578C34A00E86C38 /* ChatAppWithFirebase.app */,
				322C7DC12578C34C00E86C38 /* ChatAppWithFirebaseTests.xctest */,
				322C7DCC2578C34C00E86C38 /* ChatAppWithFirebaseUITests.xctest */,
			);
			name = Products;
			sourceTree = "<group>";
		};
		322C7DAD2578C34A00E86C38 /* ChatAppWithFirebase */ = {
			isa = PBXGroup;
			children = (
				325CEB512588F16800567765 /* Models */,
				322C7DF1257E189800E86C38 /* Views */,
				322C7DE22579223A00E86C38 /* Controllers */,
				322C7DE32579224C00E86C38 /* StroyBoards */,
				322C7DF0257E187D00E86C38 /* Xibs */,
				322C7DF2257E18A900E86C38 /* Extensions */,
				322C7DB72578C34C00E86C38 /* Assets.xcassets */,
				322C7DAE2578C34A00E86C38 /* AppDelegate.swift */,
				322C7DB02578C34A00E86C38 /* SceneDelegate.swift */,
				322C7DB92578C34C00E86C38 /* LaunchScreen.storyboard */,
				322C7DBC2578C34C00E86C38 /* Info.plist */,
			);
			path = ChatAppWithFirebase;
			sourceTree = "<group>";
		};
		322C7DC42578C34C00E86C38 /* ChatAppWithFirebaseTests */ = {
			isa = PBXGroup;
			children = (
				322C7DC52578C34C00E86C38 /* ChatAppWithFirebaseTests.swift */,
				322C7DC72578C34C00E86C38 /* Info.plist */,
			);
			path = ChatAppWithFirebaseTests;
			sourceTree = "<group>";
		};
		322C7DCF2578C34C00E86C38 /* ChatAppWithFirebaseUITests */ = {
			isa = PBXGroup;
			children = (
				322C7DD02578C34C00E86C38 /* ChatAppWithFirebaseUITests.swift */,
				322C7DD22578C34C00E86C38 /* Info.plist */,
			);
			path = ChatAppWithFirebaseUITests;
			sourceTree = "<group>";
		};
		322C7DE22579223A00E86C38 /* Controllers */ = {
			isa = PBXGroup;
			children = (
				322C7DE02578C4FD00E86C38 /* ChatListViewController.swift */,
				322C7DE825792C0800E86C38 /* ChatRoomViewController.swift */,
				325CEB4F2585206C00567765 /* SignUpViewController.swift */,
				320CFA81258A36EB00F309C6 /* UserListViewController.swift */,
				32BFE63C2593854C00519D78 /* LoginViewController.swift */,
			);
			path = Controllers;
			sourceTree = "<group>";
		};
		322C7DE32579224C00E86C38 /* StroyBoards */ = {
			isa = PBXGroup;
			children = (
				322C7DDE2578C40500E86C38 /* ChatList.storyboard */,
				322C7DE625792B3300E86C38 /* ChatRoom.storyboard */,
				325CEB4D2584440C00567765 /* SignUp.storyboard */,
				320CFA7F258A34C000F309C6 /* UserList.storyboard */,
				32CEC0F82593828B00798796 /* Login.storyboard */,
			);
			path = StroyBoards;
			sourceTree = "<group>";
		};
		322C7DF0257E187D00E86C38 /* Xibs */ = {
			isa = PBXGroup;
			children = (
				322C7DEA257C436100E86C38 /* ChatRoomTableViewCell.xib */,
				322C7DF3257E18E200E86C38 /* ChatInputAccessoryView.xib */,
			);
			path = Xibs;
			sourceTree = "<group>";
		};
		322C7DF1257E189800E86C38 /* Views */ = {
			isa = PBXGroup;
			children = (
				322C7DEE257DB4B500E86C38 /* ChatRoomTableViewCell.swift */,
				322C7DF5257E1A7B00E86C38 /* ChatInputAccessoryView.swift */,
			);
			path = Views;
			sourceTree = "<group>";
		};
		322C7DF2257E18A900E86C38 /* Extensions */ = {
			isa = PBXGroup;
			children = (
				322C7DE42579232800E86C38 /* UIColor-Extension.swift */,
			);
			path = Extensions;
			sourceTree = "<group>";
		};
		325CEB512588F16800567765 /* Models */ = {
			isa = PBXGroup;
			children = (
				325CEB522588F18200567765 /* User.swift */,
				320CFA832590ECBB00F309C6 /* ChatRoom.swift */,
				320CFA852591B2DC00F309C6 /* Message.swift */,
			);
			path = Models;
			sourceTree = "<group>";
		};
		4B64D0E236F29FB4A9CAC3CB /* Frameworks */ = {
			isa = PBXGroup;
			children = (
				FECD02268D60C18AB6C6C60E /* Pods_ChatAppWithFirebase.framework */,
				1DB5220CC07D1AC11E1F2763 /* Pods_ChatAppWithFirebase_ChatAppWithFirebaseUITests.framework */,
				90562E7B496422A4CB536686 /* Pods_ChatAppWithFirebaseTests.framework */,
			);
			name = Frameworks;
			sourceTree = "<group>";
		};
		B9AF5A4EA6B7332C69D3B4C4 /* Pods */ = {
			isa = PBXGroup;
			children = (
				2AED2CFEB1FADB7921285BDD /* Pods-ChatAppWithFirebase.debug.xcconfig */,
				4EF35D04217AF3BC0B4E8B5E /* Pods-ChatAppWithFirebase.release.xcconfig */,
				61B84DD23FC36B7972068FDD /* Pods-ChatAppWithFirebase-ChatAppWithFirebaseUITests.debug.xcconfig */,
				FC95ECCD5BE4143DD223496C /* Pods-ChatAppWithFirebase-ChatAppWithFirebaseUITests.release.xcconfig */,
				EE4D325ACA26E3D2FFF11D87 /* Pods-ChatAppWithFirebaseTests.debug.xcconfig */,
				1B107D0EBCCC94B9B642838B /* Pods-ChatAppWithFirebaseTests.release.xcconfig */,
			);
			path = Pods;
			sourceTree = "<group>";
		};
/* End PBXGroup section */

/* Begin PBXNativeTarget section */
		322C7DAA2578C34A00E86C38 /* ChatAppWithFirebase */ = {
			isa = PBXNativeTarget;
			buildConfigurationList = 322C7DD52578C34C00E86C38 /* Build configuration list for PBXNativeTarget "ChatAppWithFirebase" */;
			buildPhases = (
				C9272979DF2A34B882F90C5F /* [CP] Check Pods Manifest.lock */,
				322C7DA72578C34A00E86C38 /* Sources */,
				322C7DA82578C34A00E86C38 /* Frameworks */,
				322C7DA92578C34A00E86C38 /* Resources */,
				1BB4F045B241A82ECF2B1C6B /* [CP] Embed Pods Frameworks */,
			);
			buildRules = (
			);
			dependencies = (
			);
			name = ChatAppWithFirebase;
			productName = ChatAppWithFirebase;
			productReference = 322C7DAB2578C34A00E86C38 /* ChatAppWithFirebase.app */;
			productType = "com.apple.product-type.application";
		};
		322C7DC02578C34C00E86C38 /* ChatAppWithFirebaseTests */ = {
			isa = PBXNativeTarget;
			buildConfigurationList = 322C7DD82578C34C00E86C38 /* Build configuration list for PBXNativeTarget "ChatAppWithFirebaseTests" */;
			buildPhases = (
				8961CB3F66EE25012E3E6C35 /* [CP] Check Pods Manifest.lock */,
				322C7DBD2578C34C00E86C38 /* Sources */,
				322C7DBE2578C34C00E86C38 /* Frameworks */,
				322C7DBF2578C34C00E86C38 /* Resources */,
			);
			buildRules = (
			);
			dependencies = (
				322C7DC32578C34C00E86C38 /* PBXTargetDependency */,
			);
			name = ChatAppWithFirebaseTests;
			productName = ChatAppWithFirebaseTests;
			productReference = 322C7DC12578C34C00E86C38 /* ChatAppWithFirebaseTests.xctest */;
			productType = "com.apple.product-type.bundle.unit-test";
		};
		322C7DCB2578C34C00E86C38 /* ChatAppWithFirebaseUITests */ = {
			isa = PBXNativeTarget;
			buildConfigurationList = 322C7DDB2578C34C00E86C38 /* Build configuration list for PBXNativeTarget "ChatAppWithFirebaseUITests" */;
			buildPhases = (
				51EDE756908A8522A4264191 /* [CP] Check Pods Manifest.lock */,
				322C7DC82578C34C00E86C38 /* Sources */,
				322C7DC92578C34C00E86C38 /* Frameworks */,
				322C7DCA2578C34C00E86C38 /* Resources */,
				E04F7FCFF0C6C4AC047F6155 /* [CP] Embed Pods Frameworks */,
			);
			buildRules = (
			);
			dependencies = (
				322C7DCE2578C34C00E86C38 /* PBXTargetDependency */,
			);
			name = ChatAppWithFirebaseUITests;
			productName = ChatAppWithFirebaseUITests;
			productReference = 322C7DCC2578C34C00E86C38 /* ChatAppWithFirebaseUITests.xctest */;
			productType = "com.apple.product-type.bundle.ui-testing";
		};
/* End PBXNativeTarget section */

/* Begin PBXProject section */
		322C7DA32578C34A00E86C38 /* Project object */ = {
			isa = PBXProject;
			attributes = {
				LastSwiftUpdateCheck = 1120;
				LastUpgradeCheck = 1120;
				ORGANIZATIONNAME = "Tetsuya Kamijo";
				TargetAttributes = {
					322C7DAA2578C34A00E86C38 = {
						CreatedOnToolsVersion = 11.2.1;
					};
					322C7DC02578C34C00E86C38 = {
						CreatedOnToolsVersion = 11.2.1;
						TestTargetID = 322C7DAA2578C34A00E86C38;
					};
					322C7DCB2578C34C00E86C38 = {
						CreatedOnToolsVersion = 11.2.1;
						TestTargetID = 322C7DAA2578C34A00E86C38;
					};
				};
			};
			buildConfigurationList = 322C7DA62578C34A00E86C38 /* Build configuration list for PBXProject "ChatAppWithFirebase" */;
			compatibilityVersion = "Xcode 9.3";
			developmentRegion = en;
			hasScannedForEncodings = 0;
			knownRegions = (
				en,
				Base,
			);
			mainGroup = 322C7DA22578C34A00E86C38;
			productRefGroup = 322C7DAC2578C34A00E86C38 /* Products */;
			projectDirPath = "";
			projectRoot = "";
			targets = (
				322C7DAA2578C34A00E86C38 /* ChatAppWithFirebase */,
				322C7DC02578C34C00E86C38 /* ChatAppWithFirebaseTests */,
				322C7DCB2578C34C00E86C38 /* ChatAppWithFirebaseUITests */,
			);
		};
/* End PBXProject section */

/* Begin PBXResourcesBuildPhase section */
		322C7DA92578C34A00E86C38 /* Resources */ = {
			isa = PBXResourcesBuildPhase;
			buildActionMask = 2147483647;
			files = (
				320CFA80258A34C000F309C6 /* UserList.storyboard in Resources */,
				322C7DBB2578C34C00E86C38 /* LaunchScreen.storyboard in Resources */,
				322C7DB82578C34C00E86C38 /* Assets.xcassets in Resources */,
				322C7DEB257C436100E86C38 /* ChatRoomTableViewCell.xib in Resources */,
				322C7DDF2578C40500E86C38 /* ChatList.storyboard in Resources */,
				322C7DF4257E18E200E86C38 /* ChatInputAccessoryView.xib in Resources */,
				322C7DE725792B3300E86C38 /* ChatRoom.storyboard in Resources */,
				325CEB4E2584440C00567765 /* SignUp.storyboard in Resources */,
				32CEC0F92593828B00798796 /* Login.storyboard in Resources */,
				322C7DF8258303A800E86C38 /* GoogleService-Info.plist in Resources */,
			);
			runOnlyForDeploymentPostprocessing = 0;
		};
		322C7DBF2578C34C00E86C38 /* Resources */ = {
			isa = PBXResourcesBuildPhase;
			buildActionMask = 2147483647;
			files = (
			);
			runOnlyForDeploymentPostprocessing = 0;
		};
		322C7DCA2578C34C00E86C38 /* Resources */ = {
			isa = PBXResourcesBuildPhase;
			buildActionMask = 2147483647;
			files = (
			);
			runOnlyForDeploymentPostprocessing = 0;
		};
/* End PBXResourcesBuildPhase section */

/* Begin PBXShellScriptBuildPhase section */
		1BB4F045B241A82ECF2B1C6B /* [CP] Embed Pods Frameworks */ = {
			isa = PBXShellScriptBuildPhase;
			buildActionMask = 2147483647;
			files = (
			);
			inputFileListPaths = (
				"${PODS_ROOT}/Target Support Files/Pods-ChatAppWithFirebase/Pods-ChatAppWithFirebase-frameworks-${CONFIGURATION}-input-files.xcfilelist",
			);
			name = "[CP] Embed Pods Frameworks";
			outputFileListPaths = (
				"${PODS_ROOT}/Target Support Files/Pods-ChatAppWithFirebase/Pods-ChatAppWithFirebase-frameworks-${CONFIGURATION}-output-files.xcfilelist",
			);
			runOnlyForDeploymentPostprocessing = 0;
			shellPath = /bin/sh;
			shellScript = "\"${PODS_ROOT}/Target Support Files/Pods-ChatAppWithFirebase/Pods-ChatAppWithFirebase-frameworks.sh\"\n";
			showEnvVarsInLog = 0;
		};
		51EDE756908A8522A4264191 /* [CP] Check Pods Manifest.lock */ = {
			isa = PBXShellScriptBuildPhase;
			buildActionMask = 2147483647;
			files = (
			);
			inputFileListPaths = (
			);
			inputPaths = (
				"${PODS_PODFILE_DIR_PATH}/Podfile.lock",
				"${PODS_ROOT}/Manifest.lock",
			);
			name = "[CP] Check Pods Manifest.lock";
			outputFileListPaths = (
			);
			outputPaths = (
				"$(DERIVED_FILE_DIR)/Pods-ChatAppWithFirebase-ChatAppWithFirebaseUITests-checkManifestLockResult.txt",
			);
			runOnlyForDeploymentPostprocessing = 0;
			shellPath = /bin/sh;
			shellScript = "diff \"${PODS_PODFILE_DIR_PATH}/Podfile.lock\" \"${PODS_ROOT}/Manifest.lock\" > /dev/null\nif [ $? != 0 ] ; then\n    # print error to STDERR\n    echo \"error: The sandbox is not in sync with the Podfile.lock. Run 'pod install' or update your CocoaPods installation.\" >&2\n    exit 1\nfi\n# This output is used by Xcode 'outputs' to avoid re-running this script phase.\necho \"SUCCESS\" > \"${SCRIPT_OUTPUT_FILE_0}\"\n";
			showEnvVarsInLog = 0;
		};
		8961CB3F66EE25012E3E6C35 /* [CP] Check Pods Manifest.lock */ = {
			isa = PBXShellScriptBuildPhase;
			buildActionMask = 2147483647;
			files = (
			);
			inputFileListPaths = (
			);
			inputPaths = (
				"${PODS_PODFILE_DIR_PATH}/Podfile.lock",
				"${PODS_ROOT}/Manifest.lock",
			);
			name = "[CP] Check Pods Manifest.lock";
			outputFileListPaths = (
			);
			outputPaths = (
				"$(DERIVED_FILE_DIR)/Pods-ChatAppWithFirebaseTests-checkManifestLockResult.txt",
			);
			runOnlyForDeploymentPostprocessing = 0;
			shellPath = /bin/sh;
			shellScript = "diff \"${PODS_PODFILE_DIR_PATH}/Podfile.lock\" \"${PODS_ROOT}/Manifest.lock\" > /dev/null\nif [ $? != 0 ] ; then\n    # print error to STDERR\n    echo \"error: The sandbox is not in sync with the Podfile.lock. Run 'pod install' or update your CocoaPods installation.\" >&2\n    exit 1\nfi\n# This output is used by Xcode 'outputs' to avoid re-running this script phase.\necho \"SUCCESS\" > \"${SCRIPT_OUTPUT_FILE_0}\"\n";
			showEnvVarsInLog = 0;
		};
		C9272979DF2A34B882F90C5F /* [CP] Check Pods Manifest.lock */ = {
			isa = PBXShellScriptBuildPhase;
			buildActionMask = 2147483647;
			files = (
			);
			inputFileListPaths = (
			);
			inputPaths = (
				"${PODS_PODFILE_DIR_PATH}/Podfile.lock",
				"${PODS_ROOT}/Manifest.lock",
			);
			name = "[CP] Check Pods Manifest.lock";
			outputFileListPaths = (
			);
			outputPaths = (
				"$(DERIVED_FILE_DIR)/Pods-ChatAppWithFirebase-checkManifestLockResult.txt",
			);
			runOnlyForDeploymentPostprocessing = 0;
			shellPath = /bin/sh;
			shellScript = "diff \"${PODS_PODFILE_DIR_PATH}/Podfile.lock\" \"${PODS_ROOT}/Manifest.lock\" > /dev/null\nif [ $? != 0 ] ; then\n    # print error to STDERR\n    echo \"error: The sandbox is not in sync with the Podfile.lock. Run 'pod install' or update your CocoaPods installation.\" >&2\n    exit 1\nfi\n# This output is used by Xcode 'outputs' to avoid re-running this script phase.\necho \"SUCCESS\" > \"${SCRIPT_OUTPUT_FILE_0}\"\n";
			showEnvVarsInLog = 0;
		};
		E04F7FCFF0C6C4AC047F6155 /* [CP] Embed Pods Frameworks */ = {
			isa = PBXShellScriptBuildPhase;
			buildActionMask = 2147483647;
			files = (
			);
			inputFileListPaths = (
				"${PODS_ROOT}/Target Support Files/Pods-ChatAppWithFirebase-ChatAppWithFirebaseUITests/Pods-ChatAppWithFirebase-ChatAppWithFirebaseUITests-frameworks-${CONFIGURATION}-input-files.xcfilelist",
			);
			name = "[CP] Embed Pods Frameworks";
			outputFileListPaths = (
				"${PODS_ROOT}/Target Support Files/Pods-ChatAppWithFirebase-ChatAppWithFirebaseUITests/Pods-ChatAppWithFirebase-ChatAppWithFirebaseUITests-frameworks-${CONFIGURATION}-output-files.xcfilelist",
			);
			runOnlyForDeploymentPostprocessing = 0;
			shellPath = /bin/sh;
			shellScript = "\"${PODS_ROOT}/Target Support Files/Pods-ChatAppWithFirebase-ChatAppWithFirebaseUITests/Pods-ChatAppWithFirebase-ChatAppWithFirebaseUITests-frameworks.sh\"\n";
			showEnvVarsInLog = 0;
		};
/* End PBXShellScriptBuildPhase section */

/* Begin PBXSourcesBuildPhase section */
		322C7DA72578C34A00E86C38 /* Sources */ = {
			isa = PBXSourcesBuildPhase;
			buildActionMask = 2147483647;
			files = (
				322C7DAF2578C34A00E86C38 /* AppDelegate.swift in Sources */,
				322C7DF6257E1A7B00E86C38 /* ChatInputAccessoryView.swift in Sources */,
				325CEB502585206C00567765 /* SignUpViewController.swift in Sources */,
				322C7DE52579232800E86C38 /* UIColor-Extension.swift in Sources */,
				322C7DE925792C0800E86C38 /* ChatRoomViewController.swift in Sources */,
				320CFA82258A36EB00F309C6 /* UserListViewController.swift in Sources */,
				325CEB532588F18200567765 /* User.swift in Sources */,
				322C7DEF257DB4B500E86C38 /* ChatRoomTableViewCell.swift in Sources */,
				322C7DE12578C4FD00E86C38 /* ChatListViewController.swift in Sources */,
				320CFA862591B2DC00F309C6 /* Message.swift in Sources */,
				322C7DB12578C34A00E86C38 /* SceneDelegate.swift in Sources */,
				32BFE63D2593854C00519D78 /* LoginViewController.swift in Sources */,
				320CFA842590ECBB00F309C6 /* ChatRoom.swift in Sources */,
			);
			runOnlyForDeploymentPostprocessing = 0;
		};
		322C7DBD2578C34C00E86C38 /* Sources */ = {
			isa = PBXSourcesBuildPhase;
			buildActionMask = 2147483647;
			files = (
				322C7DC62578C34C00E86C38 /* ChatAppWithFirebaseTests.swift in Sources */,
			);
			runOnlyForDeploymentPostprocessing = 0;
		};
		322C7DC82578C34C00E86C38 /* Sources */ = {
			isa = PBXSourcesBuildPhase;
			buildActionMask = 2147483647;
			files = (
				322C7DD12578C34C00E86C38 /* ChatAppWithFirebaseUITests.swift in Sources */,
			);
			runOnlyForDeploymentPostprocessing = 0;
		};
/* End PBXSourcesBuildPhase section */

/* Begin PBXTargetDependency section */
		322C7DC32578C34C00E86C38 /* PBXTargetDependency */ = {
			isa = PBXTargetDependency;
			target = 322C7DAA2578C34A00E86C38 /* ChatAppWithFirebase */;
			targetProxy = 322C7DC22578C34C00E86C38 /* PBXContainerItemProxy */;
		};
		322C7DCE2578C34C00E86C38 /* PBXTargetDependency */ = {
			isa = PBXTargetDependency;
			target = 322C7DAA2578C34A00E86C38 /* ChatAppWithFirebase */;
			targetProxy = 322C7DCD2578C34C00E86C38 /* PBXContainerItemProxy */;
		};
/* End PBXTargetDependency section */

/* Begin PBXVariantGroup section */
		322C7DB92578C34C00E86C38 /* LaunchScreen.storyboard */ = {
			isa = PBXVariantGroup;
			children = (
				322C7DBA2578C34C00E86C38 /* Base */,
			);
			name = LaunchScreen.storyboard;
			sourceTree = "<group>";
		};
/* End PBXVariantGroup section */

/* Begin XCBuildConfiguration section */
		322C7DD32578C34C00E86C38 /* Debug */ = {
			isa = XCBuildConfiguration;
			buildSettings = {
				ALWAYS_SEARCH_USER_PATHS = NO;
				CLANG_ANALYZER_NONNULL = YES;
				CLANG_ANALYZER_NUMBER_OBJECT_CONVERSION = YES_AGGRESSIVE;
				CLANG_CXX_LANGUAGE_STANDARD = "gnu++14";
				CLANG_CXX_LIBRARY = "libc++";
				CLANG_ENABLE_MODULES = YES;
				CLANG_ENABLE_OBJC_ARC = YES;
				CLANG_ENABLE_OBJC_WEAK = YES;
				CLANG_WARN_BLOCK_CAPTURE_AUTORELEASING = YES;
				CLANG_WARN_BOOL_CONVERSION = YES;
				CLANG_WARN_COMMA = YES;
				CLANG_WARN_CONSTANT_CONVERSION = YES;
				CLANG_WARN_DEPRECATED_OBJC_IMPLEMENTATIONS = YES;
				CLANG_WARN_DIRECT_OBJC_ISA_USAGE = YES_ERROR;
				CLANG_WARN_DOCUMENTATION_COMMENTS = YES;
				CLANG_WARN_EMPTY_BODY = YES;
				CLANG_WARN_ENUM_CONVERSION = YES;
				CLANG_WARN_INFINITE_RECURSION = YES;
				CLANG_WARN_INT_CONVERSION = YES;
				CLANG_WARN_NON_LITERAL_NULL_CONVERSION = YES;
				CLANG_WARN_OBJC_IMPLICIT_RETAIN_SELF = YES;
				CLANG_WARN_OBJC_LITERAL_CONVERSION = YES;
				CLANG_WARN_OBJC_ROOT_CLASS = YES_ERROR;
				CLANG_WARN_RANGE_LOOP_ANALYSIS = YES;
				CLANG_WARN_STRICT_PROTOTYPES = YES;
				CLANG_WARN_SUSPICIOUS_MOVE = YES;
				CLANG_WARN_UNGUARDED_AVAILABILITY = YES_AGGRESSIVE;
				CLANG_WARN_UNREACHABLE_CODE = YES;
				CLANG_WARN__DUPLICATE_METHOD_MATCH = YES;
				COPY_PHASE_STRIP = NO;
				DEBUG_INFORMATION_FORMAT = dwarf;
				ENABLE_STRICT_OBJC_MSGSEND = YES;
				ENABLE_TESTABILITY = YES;
				GCC_C_LANGUAGE_STANDARD = gnu11;
				GCC_DYNAMIC_NO_PIC = NO;
				GCC_NO_COMMON_BLOCKS = YES;
				GCC_OPTIMIZATION_LEVEL = 0;
				GCC_PREPROCESSOR_DEFINITIONS = (
					"DEBUG=1",
					"$(inherited)",
				);
				GCC_WARN_64_TO_32_BIT_CONVERSION = YES;
				GCC_WARN_ABOUT_RETURN_TYPE = YES_ERROR;
				GCC_WARN_UNDECLARED_SELECTOR = YES;
				GCC_WARN_UNINITIALIZED_AUTOS = YES_AGGRESSIVE;
				GCC_WARN_UNUSED_FUNCTION = YES;
				GCC_WARN_UNUSED_VARIABLE = YES;
				IPHONEOS_DEPLOYMENT_TARGET = 13.2;
				MTL_ENABLE_DEBUG_INFO = INCLUDE_SOURCE;
				MTL_FAST_MATH = YES;
				ONLY_ACTIVE_ARCH = YES;
				SDKROOT = iphoneos;
				SWIFT_ACTIVE_COMPILATION_CONDITIONS = DEBUG;
				SWIFT_OPTIMIZATION_LEVEL = "-Onone";
			};
			name = Debug;
		};
		322C7DD42578C34C00E86C38 /* Release */ = {
			isa = XCBuildConfiguration;
			buildSettings = {
				ALWAYS_SEARCH_USER_PATHS = NO;
				CLANG_ANALYZER_NONNULL = YES;
				CLANG_ANALYZER_NUMBER_OBJECT_CONVERSION = YES_AGGRESSIVE;
				CLANG_CXX_LANGUAGE_STANDARD = "gnu++14";
				CLANG_CXX_LIBRARY = "libc++";
				CLANG_ENABLE_MODULES = YES;
				CLANG_ENABLE_OBJC_ARC = YES;
				CLANG_ENABLE_OBJC_WEAK = YES;
				CLANG_WARN_BLOCK_CAPTURE_AUTORELEASING = YES;
				CLANG_WARN_BOOL_CONVERSION = YES;
				CLANG_WARN_COMMA = YES;
				CLANG_WARN_CONSTANT_CONVERSION = YES;
				CLANG_WARN_DEPRECATED_OBJC_IMPLEMENTATIONS = YES;
				CLANG_WARN_DIRECT_OBJC_ISA_USAGE = YES_ERROR;
				CLANG_WARN_DOCUMENTATION_COMMENTS = YES;
				CLANG_WARN_EMPTY_BODY = YES;
				CLANG_WARN_ENUM_CONVERSION = YES;
				CLANG_WARN_INFINITE_RECURSION = YES;
				CLANG_WARN_INT_CONVERSION = YES;
				CLANG_WARN_NON_LITERAL_NULL_CONVERSION = YES;
				CLANG_WARN_OBJC_IMPLICIT_RETAIN_SELF = YES;
				CLANG_WARN_OBJC_LITERAL_CONVERSION = YES;
				CLANG_WARN_OBJC_ROOT_CLASS = YES_ERROR;
				CLANG_WARN_RANGE_LOOP_ANALYSIS = YES;
				CLANG_WARN_STRICT_PROTOTYPES = YES;
				CLANG_WARN_SUSPICIOUS_MOVE = YES;
				CLANG_WARN_UNGUARDED_AVAILABILITY = YES_AGGRESSIVE;
				CLANG_WARN_UNREACHABLE_CODE = YES;
				CLANG_WARN__DUPLICATE_METHOD_MATCH = YES;
				COPY_PHASE_STRIP = NO;
				DEBUG_INFORMATION_FORMAT = "dwarf-with-dsym";
				ENABLE_NS_ASSERTIONS = NO;
				ENABLE_STRICT_OBJC_MSGSEND = YES;
				GCC_C_LANGUAGE_STANDARD = gnu11;
				GCC_NO_COMMON_BLOCKS = YES;
				GCC_WARN_64_TO_32_BIT_CONVERSION = YES;
				GCC_WARN_ABOUT_RETURN_TYPE = YES_ERROR;
				GCC_WARN_UNDECLARED_SELECTOR = YES;
				GCC_WARN_UNINITIALIZED_AUTOS = YES_AGGRESSIVE;
				GCC_WARN_UNUSED_FUNCTION = YES;
				GCC_WARN_UNUSED_VARIABLE = YES;
				IPHONEOS_DEPLOYMENT_TARGET = 13.2;
				MTL_ENABLE_DEBUG_INFO = NO;
				MTL_FAST_MATH = YES;
				SDKROOT = iphoneos;
				SWIFT_COMPILATION_MODE = wholemodule;
				SWIFT_OPTIMIZATION_LEVEL = "-O";
				VALIDATE_PRODUCT = YES;
			};
			name = Release;
		};
		322C7DD62578C34C00E86C38 /* Debug */ = {
			isa = XCBuildConfiguration;
			baseConfigurationReference = 2AED2CFEB1FADB7921285BDD /* Pods-ChatAppWithFirebase.debug.xcconfig */;
			buildSettings = {
				ASSETCATALOG_COMPILER_APPICON_NAME = AppIcon;
				CODE_SIGN_STYLE = Automatic;
				INFOPLIST_FILE = ChatAppWithFirebase/Info.plist;
				LD_RUNPATH_SEARCH_PATHS = (
					"$(inherited)",
					"@executable_path/Frameworks",
				);
				PRODUCT_BUNDLE_IDENTIFIER = "cyber-f.ChatAppWithFirebase";
				PRODUCT_NAME = "$(TARGET_NAME)";
				SWIFT_VERSION = 5.0;
				TARGETED_DEVICE_FAMILY = "1,2";
			};
			name = Debug;
		};
		322C7DD72578C34C00E86C38 /* Release */ = {
			isa = XCBuildConfiguration;
			baseConfigurationReference = 4EF35D04217AF3BC0B4E8B5E /* Pods-ChatAppWithFirebase.release.xcconfig */;
			buildSettings = {
				ASSETCATALOG_COMPILER_APPICON_NAME = AppIcon;
				CODE_SIGN_STYLE = Automatic;
				INFOPLIST_FILE = ChatAppWithFirebase/Info.plist;
				LD_RUNPATH_SEARCH_PATHS = (
					"$(inherited)",
					"@executable_path/Frameworks",
				);
				PRODUCT_BUNDLE_IDENTIFIER = "cyber-f.ChatAppWithFirebase";
				PRODUCT_NAME = "$(TARGET_NAME)";
				SWIFT_VERSION = 5.0;
				TARGETED_DEVICE_FAMILY = "1,2";
			};
			name = Release;
		};
		322C7DD92578C34C00E86C38 /* Debug */ = {
			isa = XCBuildConfiguration;
			baseConfigurationReference = EE4D325ACA26E3D2FFF11D87 /* Pods-ChatAppWithFirebaseTests.debug.xcconfig */;
			buildSettings = {
				ALWAYS_EMBED_SWIFT_STANDARD_LIBRARIES = YES;
				BUNDLE_LOADER = "$(TEST_HOST)";
				CODE_SIGN_STYLE = Automatic;
				INFOPLIST_FILE = ChatAppWithFirebaseTests/Info.plist;
				IPHONEOS_DEPLOYMENT_TARGET = 13.2;
				LD_RUNPATH_SEARCH_PATHS = (
					"$(inherited)",
					"@executable_path/Frameworks",
					"@loader_path/Frameworks",
				);
				PRODUCT_BUNDLE_IDENTIFIER = "cyber-f.ChatAppWithFirebaseTests";
				PRODUCT_NAME = "$(TARGET_NAME)";
				SWIFT_VERSION = 5.0;
				TARGETED_DEVICE_FAMILY = "1,2";
				TEST_HOST = "$(BUILT_PRODUCTS_DIR)/ChatAppWithFirebase.app/ChatAppWithFirebase";
			};
			name = Debug;
		};
		322C7DDA2578C34C00E86C38 /* Release */ = {
			isa = XCBuildConfiguration;
			baseConfigurationReference = 1B107D0EBCCC94B9B642838B /* Pods-ChatAppWithFirebaseTests.release.xcconfig */;
			buildSettings = {
				ALWAYS_EMBED_SWIFT_STANDARD_LIBRARIES = YES;
				BUNDLE_LOADER = "$(TEST_HOST)";
				CODE_SIGN_STYLE = Automatic;
				INFOPLIST_FILE = ChatAppWithFirebaseTests/Info.plist;
				IPHONEOS_DEPLOYMENT_TARGET = 13.2;
				LD_RUNPATH_SEARCH_PATHS = (
					"$(inherited)",
					"@executable_path/Frameworks",
					"@loader_path/Frameworks",
				);
				PRODUCT_BUNDLE_IDENTIFIER = "cyber-f.ChatAppWithFirebaseTests";
				PRODUCT_NAME = "$(TARGET_NAME)";
				SWIFT_VERSION = 5.0;
				TARGETED_DEVICE_FAMILY = "1,2";
				TEST_HOST = "$(BUILT_PRODUCTS_DIR)/ChatAppWithFirebase.app/ChatAppWithFirebase";
			};
			name = Release;
		};
		322C7DDC2578C34C00E86C38 /* Debug */ = {
			isa = XCBuildConfiguration;
			baseConfigurationReference = 61B84DD23FC36B7972068FDD /* Pods-ChatAppWithFirebase-ChatAppWithFirebaseUITests.debug.xcconfig */;
			buildSettings = {
				ALWAYS_EMBED_SWIFT_STANDARD_LIBRARIES = YES;
				CODE_SIGN_STYLE = Automatic;
				INFOPLIST_FILE = ChatAppWithFirebaseUITests/Info.plist;
				LD_RUNPATH_SEARCH_PATHS = (
					"$(inherited)",
					"@executable_path/Frameworks",
					"@loader_path/Frameworks",
				);
				PRODUCT_BUNDLE_IDENTIFIER = "cyber-f.ChatAppWithFirebaseUITests";
				PRODUCT_NAME = "$(TARGET_NAME)";
				SWIFT_VERSION = 5.0;
				TARGETED_DEVICE_FAMILY = "1,2";
				TEST_TARGET_NAME = ChatAppWithFirebase;
			};
			name = Debug;
		};
		322C7DDD2578C34C00E86C38 /* Release */ = {
			isa = XCBuildConfiguration;
			baseConfigurationReference = FC95ECCD5BE4143DD223496C /* Pods-ChatAppWithFirebase-ChatAppWithFirebaseUITests.release.xcconfig */;
			buildSettings = {
				ALWAYS_EMBED_SWIFT_STANDARD_LIBRARIES = YES;
				CODE_SIGN_STYLE = Automatic;
				INFOPLIST_FILE = ChatAppWithFirebaseUITests/Info.plist;
				LD_RUNPATH_SEARCH_PATHS = (
					"$(inherited)",
					"@executable_path/Frameworks",
					"@loader_path/Frameworks",
				);
				PRODUCT_BUNDLE_IDENTIFIER = "cyber-f.ChatAppWithFirebaseUITests";
				PRODUCT_NAME = "$(TARGET_NAME)";
				SWIFT_VERSION = 5.0;
				TARGETED_DEVICE_FAMILY = "1,2";
				TEST_TARGET_NAME = ChatAppWithFirebase;
			};
			name = Release;
		};
/* End XCBuildConfiguration section */

/* Begin XCConfigurationList section */
		322C7DA62578C34A00E86C38 /* Build configuration list for PBXProject "ChatAppWithFirebase" */ = {
			isa = XCConfigurationList;
			buildConfigurations = (
				322C7DD32578C34C00E86C38 /* Debug */,
				322C7DD42578C34C00E86C38 /* Release */,
			);
			defaultConfigurationIsVisible = 0;
			defaultConfigurationName = Release;
		};
		322C7DD52578C34C00E86C38 /* Build configuration list for PBXNativeTarget "ChatAppWithFirebase" */ = {
			isa = XCConfigurationList;
			buildConfigurations = (
				322C7DD62578C34C00E86C38 /* Debug */,
				322C7DD72578C34C00E86C38 /* Release */,
			);
			defaultConfigurationIsVisible = 0;
			defaultConfigurationName = Release;
		};
		322C7DD82578C34C00E86C38 /* Build configuration list for PBXNativeTarget "ChatAppWithFirebaseTests" */ = {
			isa = XCConfigurationList;
			buildConfigurations = (
				322C7DD92578C34C00E86C38 /* Debug */,
				322C7DDA2578C34C00E86C38 /* Release */,
			);
			defaultConfigurationIsVisible = 0;
			defaultConfigurationName = Release;
		};
		322C7DDB2578C34C00E86C38 /* Build configuration list for PBXNativeTarget "ChatAppWithFirebaseUITests" */ = {
			isa = XCConfigurationList;
			buildConfigurations = (
				322C7DDC2578C34C00E86C38 /* Debug */,
				322C7DDD2578C34C00E86C38 /* Release */,
			);
			defaultConfigurationIsVisible = 0;
			defaultConfigurationName = Release;
		};
/* End XCConfigurationList section */
	};
	rootObject = 322C7DA32578C34A00E86C38 /* Project object */;
}
